
Microsoft Visual Studio Solution File, Format Version 12.00
# Visual Studio 15
VisualStudioVersion = 15.0.26403.3
MinimumVisualStudioVersion = 10.0.40219.1
Project("{FAE04EC0-301F-11D3-BF4B-00C04F79EFBC}") = "Echo.Process", "Echo.Process\Echo.Process.csproj", "{B0F37249-AA2A-45C8-A8CA-3AE94853DA4E}"
EndProject
Project("{9A19103F-16F7-4668-BE54-9A1E7A4F7556}") = "Echo.Process.Redis", "Echo.Process.Redis\Echo.Process.Redis.csproj", "{5B593C53-2C86-4492-80D2-24AAA37268CD}"
EndProject
Project("{9A19103F-16F7-4668-BE54-9A1E7A4F7556}") = "Echo.Process.Owin", "Echo.Process.Owin\Echo.Process.Owin.csproj", "{37576EE2-954E-4718-8C26-C298FCFC9B3C}"
EndProject
Project("{2150E333-8FDC-42A3-9474-1A3956D46DE8}") = "Test", "Test", "{8A938267-9A86-418D-89B1-48DC5E470F61}"
EndProject
Project("{FAE04EC0-301F-11D3-BF4B-00C04F79EFBC}") = "OwinWebTest", "Samples\OwinWebTest\OwinWebTest.csproj", "{6585E8E2-E746-4467-9621-C12E55B90DBD}"
EndProject
Project("{9A19103F-16F7-4668-BE54-9A1E7A4F7556}") = "Echo.ProcessJS", "Echo.ProcessJS\Echo.ProcessJS.csproj", "{58D320A7-C7B0-4B21-A42C-488C7D5243C2}"
EndProject
Project("{FAE04EC0-301F-11D3-BF4B-00C04F79EFBC}") = "Scratchpad", "Tests\Scratchpad\Scratchpad.csproj", "{64AE28C6-31B1-4206-9401-840ABE9557F4}"
EndProject
Project("{2150E333-8FDC-42A3-9474-1A3956D46DE8}") = "Samples", "Samples", "{DF245383-B956-40B3-B11E-9E40ED3FC015}"
EndProject
Project("{FAE04EC0-301F-11D3-BF4B-00C04F79EFBC}") = "Caching", "Samples\Caching\Caching.csproj", "{86CA13C2-8D96-49A7-9325-E13304BE1237}"
EndProject
Project("{FAE04EC0-301F-11D3-BF4B-00C04F79EFBC}") = "Echo.Tests", "Echo.Tests\Echo.Tests.csproj", "{DC79C07D-98E9-4B51-9F7E-2DC5C6DCA854}"
EndProject
Global
	GlobalSection(SolutionConfigurationPlatforms) = preSolution
		Debug|Any CPU = Debug|Any CPU
		Debug|x64 = Debug|x64
		Debug|x86 = Debug|x86
		Release|Any CPU = Release|Any CPU
		Release|x64 = Release|x64
		Release|x86 = Release|x86
	EndGlobalSection
	GlobalSection(ProjectConfigurationPlatforms) = postSolution
		{B0F37249-AA2A-45C8-A8CA-3AE94853DA4E}.Debug|Any CPU.ActiveCfg = Debug|Any CPU
		{B0F37249-AA2A-45C8-A8CA-3AE94853DA4E}.Debug|Any CPU.Build.0 = Debug|Any CPU
		{B0F37249-AA2A-45C8-A8CA-3AE94853DA4E}.Debug|x64.ActiveCfg = Debug|Any CPU
		{B0F37249-AA2A-45C8-A8CA-3AE94853DA4E}.Debug|x64.Build.0 = Debug|Any CPU
		{B0F37249-AA2A-45C8-A8CA-3AE94853DA4E}.Debug|x86.ActiveCfg = Debug|Any CPU
		{B0F37249-AA2A-45C8-A8CA-3AE94853DA4E}.Debug|x86.Build.0 = Debug|Any CPU
		{B0F37249-AA2A-45C8-A8CA-3AE94853DA4E}.Release|Any CPU.ActiveCfg = Release|Any CPU
		{B0F37249-AA2A-45C8-A8CA-3AE94853DA4E}.Release|Any CPU.Build.0 = Release|Any CPU
		{B0F37249-AA2A-45C8-A8CA-3AE94853DA4E}.Release|x64.ActiveCfg = Release|Any CPU
		{B0F37249-AA2A-45C8-A8CA-3AE94853DA4E}.Release|x64.Build.0 = Release|Any CPU
		{B0F37249-AA2A-45C8-A8CA-3AE94853DA4E}.Release|x86.ActiveCfg = Release|Any CPU
		{B0F37249-AA2A-45C8-A8CA-3AE94853DA4E}.Release|x86.Build.0 = Release|Any CPU
		{5B593C53-2C86-4492-80D2-24AAA37268CD}.Debug|Any CPU.ActiveCfg = Debug|Any CPU
		{5B593C53-2C86-4492-80D2-24AAA37268CD}.Debug|Any CPU.Build.0 = Debug|Any CPU
		{5B593C53-2C86-4492-80D2-24AAA37268CD}.Debug|x64.ActiveCfg = Debug|Any CPU
		{5B593C53-2C86-4492-80D2-24AAA37268CD}.Debug|x64.Build.0 = Debug|Any CPU
		{5B593C53-2C86-4492-80D2-24AAA37268CD}.Debug|x86.ActiveCfg = Debug|Any CPU
		{5B593C53-2C86-4492-80D2-24AAA37268CD}.Debug|x86.Build.0 = Debug|Any CPU
		{5B593C53-2C86-4492-80D2-24AAA37268CD}.Release|Any CPU.ActiveCfg = Release|Any CPU
		{5B593C53-2C86-4492-80D2-24AAA37268CD}.Release|Any CPU.Build.0 = Release|Any CPU
		{5B593C53-2C86-4492-80D2-24AAA37268CD}.Release|x64.ActiveCfg = Release|Any CPU
		{5B593C53-2C86-4492-80D2-24AAA37268CD}.Release|x64.Build.0 = Release|Any CPU
		{5B593C53-2C86-4492-80D2-24AAA37268CD}.Release|x86.ActiveCfg = Release|Any CPU
		{5B593C53-2C86-4492-80D2-24AAA37268CD}.Release|x86.Build.0 = Release|Any CPU
		{37576EE2-954E-4718-8C26-C298FCFC9B3C}.Debug|Any CPU.ActiveCfg = Debug|Any CPU
		{37576EE2-954E-4718-8C26-C298FCFC9B3C}.Debug|Any CPU.Build.0 = Debug|Any CPU
		{37576EE2-954E-4718-8C26-C298FCFC9B3C}.Debug|x64.ActiveCfg = Debug|Any CPU
		{37576EE2-954E-4718-8C26-C298FCFC9B3C}.Debug|x64.Build.0 = Debug|Any CPU
		{37576EE2-954E-4718-8C26-C298FCFC9B3C}.Debug|x86.ActiveCfg = Debug|Any CPU
		{37576EE2-954E-4718-8C26-C298FCFC9B3C}.Debug|x86.Build.0 = Debug|Any CPU
		{37576EE2-954E-4718-8C26-C298FCFC9B3C}.Release|Any CPU.ActiveCfg = Release|Any CPU
		{37576EE2-954E-4718-8C26-C298FCFC9B3C}.Release|Any CPU.Build.0 = Release|Any CPU
		{37576EE2-954E-4718-8C26-C298FCFC9B3C}.Release|x64.ActiveCfg = Release|Any CPU
		{37576EE2-954E-4718-8C26-C298FCFC9B3C}.Release|x64.Build.0 = Release|Any CPU
		{37576EE2-954E-4718-8C26-C298FCFC9B3C}.Release|x86.ActiveCfg = Release|Any CPU
		{37576EE2-954E-4718-8C26-C298FCFC9B3C}.Release|x86.Build.0 = Release|Any CPU
		{6585E8E2-E746-4467-9621-C12E55B90DBD}.Debug|Any CPU.ActiveCfg = Debug|Any CPU
		{6585E8E2-E746-4467-9621-C12E55B90DBD}.Debug|Any CPU.Build.0 = Debug|Any CPU
		{6585E8E2-E746-4467-9621-C12E55B90DBD}.Debug|x64.ActiveCfg = Debug|Any CPU
		{6585E8E2-E746-4467-9621-C12E55B90DBD}.Debug|x64.Build.0 = Debug|Any CPU
		{6585E8E2-E746-4467-9621-C12E55B90DBD}.Debug|x86.ActiveCfg = Debug|Any CPU
		{6585E8E2-E746-4467-9621-C12E55B90DBD}.Debug|x86.Build.0 = Debug|Any CPU
		{6585E8E2-E746-4467-9621-C12E55B90DBD}.Release|Any CPU.ActiveCfg = Release|Any CPU
		{6585E8E2-E746-4467-9621-C12E55B90DBD}.Release|Any CPU.Build.0 = Release|Any CPU
		{6585E8E2-E746-4467-9621-C12E55B90DBD}.Release|x64.ActiveCfg = Release|Any CPU
		{6585E8E2-E746-4467-9621-C12E55B90DBD}.Release|x64.Build.0 = Release|Any CPU
		{6585E8E2-E746-4467-9621-C12E55B90DBD}.Release|x86.ActiveCfg = Release|Any CPU
		{6585E8E2-E746-4467-9621-C12E55B90DBD}.Release|x86.Build.0 = Release|Any CPU
		{58D320A7-C7B0-4B21-A42C-488C7D5243C2}.Debug|Any CPU.ActiveCfg = Debug|Any CPU
		{58D320A7-C7B0-4B21-A42C-488C7D5243C2}.Debug|Any CPU.Build.0 = Debug|Any CPU
		{58D320A7-C7B0-4B21-A42C-488C7D5243C2}.Debug|x64.ActiveCfg = Debug|Any CPU
		{58D320A7-C7B0-4B21-A42C-488C7D5243C2}.Debug|x64.Build.0 = Debug|Any CPU
		{58D320A7-C7B0-4B21-A42C-488C7D5243C2}.Debug|x86.ActiveCfg = Debug|Any CPU
		{58D320A7-C7B0-4B21-A42C-488C7D5243C2}.Debug|x86.Build.0 = Debug|Any CPU
		{58D320A7-C7B0-4B21-A42C-488C7D5243C2}.Release|Any CPU.ActiveCfg = Release|Any CPU
		{58D320A7-C7B0-4B21-A42C-488C7D5243C2}.Release|Any CPU.Build.0 = Release|Any CPU
		{58D320A7-C7B0-4B21-A42C-488C7D5243C2}.Release|x64.ActiveCfg = Release|Any CPU
		{58D320A7-C7B0-4B21-A42C-488C7D5243C2}.Release|x64.Build.0 = Release|Any CPU
		{58D320A7-C7B0-4B21-A42C-488C7D5243C2}.Release|x86.ActiveCfg = Release|Any CPU
		{58D320A7-C7B0-4B21-A42C-488C7D5243C2}.Release|x86.Build.0 = Release|Any CPU
		{64AE28C6-31B1-4206-9401-840ABE9557F4}.Debug|Any CPU.ActiveCfg = Debug|Any CPU
		{64AE28C6-31B1-4206-9401-840ABE9557F4}.Debug|Any CPU.Build.0 = Debug|Any CPU
		{64AE28C6-31B1-4206-9401-840ABE9557F4}.Debug|x64.ActiveCfg = Debug|Any CPU
		{64AE28C6-31B1-4206-9401-840ABE9557F4}.Debug|x64.Build.0 = Debug|Any CPU
		{64AE28C6-31B1-4206-9401-840ABE9557F4}.Debug|x86.ActiveCfg = Debug|Any CPU
		{64AE28C6-31B1-4206-9401-840ABE9557F4}.Debug|x86.Build.0 = Debug|Any CPU
		{64AE28C6-31B1-4206-9401-840ABE9557F4}.Release|Any CPU.ActiveCfg = Release|Any CPU
		{64AE28C6-31B1-4206-9401-840ABE9557F4}.Release|Any CPU.Build.0 = Release|Any CPU
		{64AE28C6-31B1-4206-9401-840ABE9557F4}.Release|x64.ActiveCfg = Release|Any CPU
		{64AE28C6-31B1-4206-9401-840ABE9557F4}.Release|x64.Build.0 = Release|Any CPU
		{64AE28C6-31B1-4206-9401-840ABE9557F4}.Release|x86.ActiveCfg = Release|Any CPU
		{64AE28C6-31B1-4206-9401-840ABE9557F4}.Release|x86.Build.0 = Release|Any CPU
		{86CA13C2-8D96-49A7-9325-E13304BE1237}.Debug|Any CPU.ActiveCfg = Debug|Any CPU
		{86CA13C2-8D96-49A7-9325-E13304BE1237}.Debug|Any CPU.Build.0 = Debug|Any CPU
		{86CA13C2-8D96-49A7-9325-E13304BE1237}.Debug|x64.ActiveCfg = Debug|Any CPU
		{86CA13C2-8D96-49A7-9325-E13304BE1237}.Debug|x64.Build.0 = Debug|Any CPU
		{86CA13C2-8D96-49A7-9325-E13304BE1237}.Debug|x86.ActiveCfg = Debug|Any CPU
		{86CA13C2-8D96-49A7-9325-E13304BE1237}.Debug|x86.Build.0 = Debug|Any CPU
		{86CA13C2-8D96-49A7-9325-E13304BE1237}.Release|Any CPU.ActiveCfg = Release|Any CPU
		{86CA13C2-8D96-49A7-9325-E13304BE1237}.Release|Any CPU.Build.0 = Release|Any CPU
		{86CA13C2-8D96-49A7-9325-E13304BE1237}.Release|x64.ActiveCfg = Release|Any CPU
		{86CA13C2-8D96-49A7-9325-E13304BE1237}.Release|x64.Build.0 = Release|Any CPU
		{86CA13C2-8D96-49A7-9325-E13304BE1237}.Release|x86.ActiveCfg = Release|Any CPU
		{86CA13C2-8D96-49A7-9325-E13304BE1237}.Release|x86.Build.0 = Release|Any CPU
		{DC79C07D-98E9-4B51-9F7E-2DC5C6DCA854}.Debug|Any CPU.ActiveCfg = Debug|Any CPU
		{DC79C07D-98E9-4B51-9F7E-2DC5C6DCA854}.Debug|Any CPU.Build.0 = Debug|Any CPU
		{DC79C07D-98E9-4B51-9F7E-2DC5C6DCA854}.Debug|x64.ActiveCfg = Debug|Any CPU
		{DC79C07D-98E9-4B51-9F7E-2DC5C6DCA854}.Debug|x64.Build.0 = Debug|Any CPU
		{DC79C07D-98E9-4B51-9F7E-2DC5C6DCA854}.Debug|x86.ActiveCfg = Debug|Any CPU
		{DC79C07D-98E9-4B51-9F7E-2DC5C6DCA854}.Debug|x86.Build.0 = Debug|Any CPU
		{DC79C07D-98E9-4B51-9F7E-2DC5C6DCA854}.Release|Any CPU.ActiveCfg = Release|Any CPU
		{DC79C07D-98E9-4B51-9F7E-2DC5C6DCA854}.Release|Any CPU.Build.0 = Release|Any CPU
		{DC79C07D-98E9-4B51-9F7E-2DC5C6DCA854}.Release|x64.ActiveCfg = Release|Any CPU
		{DC79C07D-98E9-4B51-9F7E-2DC5C6DCA854}.Release|x64.Build.0 = Release|Any CPU
		{DC79C07D-98E9-4B51-9F7E-2DC5C6DCA854}.Release|x86.ActiveCfg = Release|Any CPU
		{DC79C07D-98E9-4B51-9F7E-2DC5C6DCA854}.Release|x86.Build.0 = Release|Any CPU
	EndGlobalSection
	GlobalSection(SolutionProperties) = preSolution
		HideSolutionNode = FALSE
	EndGlobalSection
	GlobalSection(NestedProjects) = preSolution
		{6585E8E2-E746-4467-9621-C12E55B90DBD} = {DF245383-B956-40B3-B11E-9E40ED3FC015}
		{64AE28C6-31B1-4206-9401-840ABE9557F4} = {8A938267-9A86-418D-89B1-48DC5E470F61}
		{86CA13C2-8D96-49A7-9325-E13304BE1237} = {DF245383-B956-40B3-B11E-9E40ED3FC015}
	EndGlobalSection
EndGlobal
